
Microsoft Visual Studio Solution File, Format Version 12.00
# Visual Studio Version 17
VisualStudioVersion = 17.14.36414.22
MinimumVisualStudioVersion = 10.0.40219.1
Project("{2150E333-8FDC-42A3-9474-1A3956D46DE8}") = "Task0", "Task0", "{02EA681E-C7D8-13C7-8484-4AC65E1B71E8}"
EndProject
Project("{FAE04EC0-301F-11D3-BF4B-00C04F79EFBC}") = "Tyuiu.KuchukIA.Sprint2.Task0.V2.Lib", "Tyuiu.KuchukIA.Sprint2.Task0.V2.Lib\Tyuiu.KuchukIA.Sprint2.Task0.V2.Lib.csproj", "{7718DEB8-7D0D-49C6-A9B1-B7F12A17ACF2}"
EndProject
Project("{FAE04EC0-301F-11D3-BF4B-00C04F79EFBC}") = "Tyuiu.KuchukIA.Sprint2.Task0.V2.Test", "Tyuiu.KuchukIA.Sprint2.Task0.V2.Test\Tyuiu.KuchukIA.Sprint2.Task0.V2.Test.csproj", "{18DA13FD-4BFB-46C0-B0BB-08267D014EA0}"
EndProject
Project("{FAE04EC0-301F-11D3-BF4B-00C04F79EFBC}") = "Tyuiu.KuchukIA.Sprint2.Task0.V2", "Tyuiu.KuchukIA.Sprint2.Task0.V2\Tyuiu.KuchukIA.Sprint2.Task0.V2.csproj", "{E8DE859D-70DF-4A15-9467-8FDBB12C207D}"
EndProject
Project("{2150E333-8FDC-42A3-9474-1A3956D46DE8}") = "Task1", "Task1", "{BBA57C8F-D5EA-4976-844E-1710E0F150C1}"
EndProject
Project("{FAE04EC0-301F-11D3-BF4B-00C04F79EFBC}") = "Tyuiu.KuchukIA.Sprint2.Task1.V5.Lib", "Tyuiu.KuchukIA.Sprint2.Task1.V5.Lib\Tyuiu.KuchukIA.Sprint2.Task1.V5.Lib.csproj", "{64F980D7-A609-42BC-BBC2-2595CF5C9BEB}"
EndProject
Project("{FAE04EC0-301F-11D3-BF4B-00C04F79EFBC}") = "Tyuiu.KuchukIA.Sprint2.Task1.V5.Test", "Tyuiu.KuchukIA.Sprint2.Task1.V5.Test\Tyuiu.KuchukIA.Sprint2.Task1.V5.Test.csproj", "{E5DC3D8A-11FB-4FC8-95F5-7A123B975E19}"
EndProject
Project("{FAE04EC0-301F-11D3-BF4B-00C04F79EFBC}") = "Tyuiu.KuchukIA.Sprint2.Task1.V5", "Tyuiu.KuchukIA.Sprint2.Task1.V5\Tyuiu.KuchukIA.Sprint2.Task1.V5.csproj", "{4DA8F418-FB28-4A05-8A04-2F009DEA52B3}"
EndProject
Project("{2150E333-8FDC-42A3-9474-1A3956D46DE8}") = "Task2", "Task2", "{4ADA509D-5940-4EFF-9F08-82F4248C3252}"
EndProject
Project("{FAE04EC0-301F-11D3-BF4B-00C04F79EFBC}") = "Tyuiu.KuchukIA.Sprint2.Task2.V5.Test", "Tyuiu.KuchukIA.Sprint2.Task2.V5.Test\Tyuiu.KuchukIA.Sprint2.Task2.V5.Test.csproj", "{9940FC48-8DB5-4CFB-8675-B54559946FB7}"
EndProject
Project("{FAE04EC0-301F-11D3-BF4B-00C04F79EFBC}") = "Tyuiu.KuchukIA.Sprint2.Task2.V5.Lib", "Tyuiu.KuchukIA.Sprint2.Task2.V5.Lib\Tyuiu.KuchukIA.Sprint2.Task2.V5.Lib.csproj", "{0BB46CD3-B2AE-49AB-94C3-7DE297BCD477}"
EndProject
Project("{FAE04EC0-301F-11D3-BF4B-00C04F79EFBC}") = "Tyuiu.KuchukIA.Sprint2.Task2.V5", "Tyuiu.KuchukIA.Sprint2.Task2.V5\Tyuiu.KuchukIA.Sprint2.Task2.V5.csproj", "{1647FF52-F261-4319-B97F-09CBD35F16F8}"
EndProject
Project("{2150E333-8FDC-42A3-9474-1A3956D46DE8}") = "Task3", "Task3", "{65303253-2477-4DF8-9EE0-36B5664699A3}"
EndProject
Project("{FAE04EC0-301F-11D3-BF4B-00C04F79EFBC}") = "Tyuiu.KuchukIA.Sprint2.Task3.V11.Lib", "Tyuiu.KuchukIA.Sprint2.Task3.V11.Lib\Tyuiu.KuchukIA.Sprint2.Task3.V11.Lib.csproj", "{CEE92663-2005-40C7-9CFC-49B1AE527402}"
EndProject
Project("{FAE04EC0-301F-11D3-BF4B-00C04F79EFBC}") = "Tyuiu.KuchukIA.Sprint2.Task3.V11.Test", "Tyuiu.KuchukIA.Sprint2.Task3.V11.Test\Tyuiu.KuchukIA.Sprint2.Task3.V11.Test.csproj", "{89935E47-F989-4117-937A-576A7B506509}"
EndProject
Project("{FAE04EC0-301F-11D3-BF4B-00C04F79EFBC}") = "Tyuiu.KuchukIA.Sprint2.Task3.V11", "Tyuiu.KuchukIA.Sprint2.Task3.V11\Tyuiu.KuchukIA.Sprint2.Task3.V11.csproj", "{F3CE7B70-A7AA-4C70-AB82-D80022153B10}"
EndProject
Project("{2150E333-8FDC-42A3-9474-1A3956D46DE8}") = "Task4", "Task4", "{D2EAEE0C-BBE5-4BCC-AA99-1F96BEAF90D7}"
EndProject
Project("{FAE04EC0-301F-11D3-BF4B-00C04F79EFBC}") = "Tyuiu.KuchukIA.Sprint2.Task4.V16.Test", "Tyuiu.KuchukIA.Sprint2.Task4.V16.Test\Tyuiu.KuchukIA.Sprint2.Task4.V16.Test.csproj", "{A9159A0E-55CB-4F82-93B0-E7F847F36514}"
EndProject
Project("{FAE04EC0-301F-11D3-BF4B-00C04F79EFBC}") = "Tyuiu.KuchukIA.Sprint2.Task4.V16", "Tyuiu.KuchukIA.Sprint2.Task4.V16\Tyuiu.KuchukIA.Sprint2.Task4.V16.csproj", "{B37603F5-932A-4480-B8FF-22E235973C18}"
EndProject
Project("{FAE04EC0-301F-11D3-BF4B-00C04F79EFBC}") = "Tyuiu.KuchukIA.Sprint2.Task4.V16.Lib", "Tyuiu.KuchukIA.Sprint2.Task4.V16.Lib\Tyuiu.KuchukIA.Sprint2.Task4.V16.Lib.csproj", "{3DABC3F5-6E71-4471-8A93-324426848C60}"
EndProject
Project("{2150E333-8FDC-42A3-9474-1A3956D46DE8}") = "Task5", "Task5", "{9EA306D7-8F7C-4CA3-B492-4A4EA860ED1A}"
EndProject
Project("{FAE04EC0-301F-11D3-BF4B-00C04F79EFBC}") = "Tyuiu.KuchukIA.Sprint2.Task5.V11", "Tyuiu.KuchukIA.Sprint2.Task5.V11\Tyuiu.KuchukIA.Sprint2.Task5.V11.csproj", "{D09F1088-2F7F-4065-8244-EFCDAEE3E22B}"
EndProject
Project("{FAE04EC0-301F-11D3-BF4B-00C04F79EFBC}") = "Tyuiu.KuchukIA.Sprint2.Task5.V11.Lib", "Tyuiu.KuchukIA.Sprint2.Task5.V11.Lib\Tyuiu.KuchukIA.Sprint2.Task5.V11.Lib.csproj", "{053D6848-80EE-4D2A-8FA3-2F27E16F9943}"
EndProject
Project("{FAE04EC0-301F-11D3-BF4B-00C04F79EFBC}") = "Tyuiu.KuchukIA.Sprint2.Task5.V11.Test", "Tyuiu.KuchukIA.Sprint2.Task5.V11.Test\Tyuiu.KuchukIA.Sprint2.Task5.V11.Test.csproj", "{C9DB11B1-E584-4944-8F16-8793C4B14E2B}"
EndProject
Global
	GlobalSection(SolutionConfigurationPlatforms) = preSolution
		Debug|Any CPU = Debug|Any CPU
		Release|Any CPU = Release|Any CPU
	EndGlobalSection
	GlobalSection(ProjectConfigurationPlatforms) = postSolution
		{7718DEB8-7D0D-49C6-A9B1-B7F12A17ACF2}.Debug|Any CPU.ActiveCfg = Debug|Any CPU
		{7718DEB8-7D0D-49C6-A9B1-B7F12A17ACF2}.Debug|Any CPU.Build.0 = Debug|Any CPU
		{7718DEB8-7D0D-49C6-A9B1-B7F12A17ACF2}.Release|Any CPU.ActiveCfg = Release|Any CPU
		{7718DEB8-7D0D-49C6-A9B1-B7F12A17ACF2}.Release|Any CPU.Build.0 = Release|Any CPU
		{18DA13FD-4BFB-46C0-B0BB-08267D014EA0}.Debug|Any CPU.ActiveCfg = Debug|Any CPU
		{18DA13FD-4BFB-46C0-B0BB-08267D014EA0}.Debug|Any CPU.Build.0 = Debug|Any CPU
		{18DA13FD-4BFB-46C0-B0BB-08267D014EA0}.Release|Any CPU.ActiveCfg = Release|Any CPU
		{18DA13FD-4BFB-46C0-B0BB-08267D014EA0}.Release|Any CPU.Build.0 = Release|Any CPU
		{E8DE859D-70DF-4A15-9467-8FDBB12C207D}.Debug|Any CPU.ActiveCfg = Debug|Any CPU
		{E8DE859D-70DF-4A15-9467-8FDBB12C207D}.Debug|Any CPU.Build.0 = Debug|Any CPU
		{E8DE859D-70DF-4A15-9467-8FDBB12C207D}.Release|Any CPU.ActiveCfg = Release|Any CPU
		{E8DE859D-70DF-4A15-9467-8FDBB12C207D}.Release|Any CPU.Build.0 = Release|Any CPU
		{64F980D7-A609-42BC-BBC2-2595CF5C9BEB}.Debug|Any CPU.ActiveCfg = Debug|Any CPU
		{64F980D7-A609-42BC-BBC2-2595CF5C9BEB}.Debug|Any CPU.Build.0 = Debug|Any CPU
		{64F980D7-A609-42BC-BBC2-2595CF5C9BEB}.Release|Any CPU.ActiveCfg = Release|Any CPU
		{64F980D7-A609-42BC-BBC2-2595CF5C9BEB}.Release|Any CPU.Build.0 = Release|Any CPU
		{E5DC3D8A-11FB-4FC8-95F5-7A123B975E19}.Debug|Any CPU.ActiveCfg = Debug|Any CPU
		{E5DC3D8A-11FB-4FC8-95F5-7A123B975E19}.Debug|Any CPU.Build.0 = Debug|Any CPU
		{E5DC3D8A-11FB-4FC8-95F5-7A123B975E19}.Release|Any CPU.ActiveCfg = Release|Any CPU
		{E5DC3D8A-11FB-4FC8-95F5-7A123B975E19}.Release|Any CPU.Build.0 = Release|Any CPU
		{4DA8F418-FB28-4A05-8A04-2F009DEA52B3}.Debug|Any CPU.ActiveCfg = Debug|Any CPU
		{4DA8F418-FB28-4A05-8A04-2F009DEA52B3}.Debug|Any CPU.Build.0 = Debug|Any CPU
		{4DA8F418-FB28-4A05-8A04-2F009DEA52B3}.Release|Any CPU.ActiveCfg = Release|Any CPU
		{4DA8F418-FB28-4A05-8A04-2F009DEA52B3}.Release|Any CPU.Build.0 = Release|Any CPU
		{9940FC48-8DB5-4CFB-8675-B54559946FB7}.Debug|Any CPU.ActiveCfg = Debug|Any CPU
		{9940FC48-8DB5-4CFB-8675-B54559946FB7}.Debug|Any CPU.Build.0 = Debug|Any CPU
		{9940FC48-8DB5-4CFB-8675-B54559946FB7}.Release|Any CPU.ActiveCfg = Release|Any CPU
		{9940FC48-8DB5-4CFB-8675-B54559946FB7}.Release|Any CPU.Build.0 = Release|Any CPU
		{0BB46CD3-B2AE-49AB-94C3-7DE297BCD477}.Debug|Any CPU.ActiveCfg = Debug|Any CPU
		{0BB46CD3-B2AE-49AB-94C3-7DE297BCD477}.Debug|Any CPU.Build.0 = Debug|Any CPU
		{0BB46CD3-B2AE-49AB-94C3-7DE297BCD477}.Release|Any CPU.ActiveCfg = Release|Any CPU
		{0BB46CD3-B2AE-49AB-94C3-7DE297BCD477}.Release|Any CPU.Build.0 = Release|Any CPU
		{1647FF52-F261-4319-B97F-09CBD35F16F8}.Debug|Any CPU.ActiveCfg = Debug|Any CPU
		{1647FF52-F261-4319-B97F-09CBD35F16F8}.Debug|Any CPU.Build.0 = Debug|Any CPU
		{1647FF52-F261-4319-B97F-09CBD35F16F8}.Release|Any CPU.ActiveCfg = Release|Any CPU
		{1647FF52-F261-4319-B97F-09CBD35F16F8}.Release|Any CPU.Build.0 = Release|Any CPU
		{CEE92663-2005-40C7-9CFC-49B1AE527402}.Debug|Any CPU.ActiveCfg = Debug|Any CPU
		{CEE92663-2005-40C7-9CFC-49B1AE527402}.Debug|Any CPU.Build.0 = Debug|Any CPU
		{CEE92663-2005-40C7-9CFC-49B1AE527402}.Release|Any CPU.ActiveCfg = Release|Any CPU
		{CEE92663-2005-40C7-9CFC-49B1AE527402}.Release|Any CPU.Build.0 = Release|Any CPU
		{89935E47-F989-4117-937A-576A7B506509}.Debug|Any CPU.ActiveCfg = Debug|Any CPU
		{89935E47-F989-4117-937A-576A7B506509}.Debug|Any CPU.Build.0 = Debug|Any CPU
		{89935E47-F989-4117-937A-576A7B506509}.Release|Any CPU.ActiveCfg = Release|Any CPU
		{89935E47-F989-4117-937A-576A7B506509}.Release|Any CPU.Build.0 = Release|Any CPU
		{F3CE7B70-A7AA-4C70-AB82-D80022153B10}.Debug|Any CPU.ActiveCfg = Debug|Any CPU
		{F3CE7B70-A7AA-4C70-AB82-D80022153B10}.Debug|Any CPU.Build.0 = Debug|Any CPU
		{F3CE7B70-A7AA-4C70-AB82-D80022153B10}.Release|Any CPU.ActiveCfg = Release|Any CPU
		{F3CE7B70-A7AA-4C70-AB82-D80022153B10}.Release|Any CPU.Build.0 = Release|Any CPU
		{A9159A0E-55CB-4F82-93B0-E7F847F36514}.Debug|Any CPU.ActiveCfg = Debug|Any CPU
		{A9159A0E-55CB-4F82-93B0-E7F847F36514}.Debug|Any CPU.Build.0 = Debug|Any CPU
		{A9159A0E-55CB-4F82-93B0-E7F847F36514}.Release|Any CPU.ActiveCfg = Release|Any CPU
		{A9159A0E-55CB-4F82-93B0-E7F847F36514}.Release|Any CPU.Build.0 = Release|Any CPU
		{B37603F5-932A-4480-B8FF-22E235973C18}.Debug|Any CPU.ActiveCfg = Debug|Any CPU
		{B37603F5-932A-4480-B8FF-22E235973C18}.Debug|Any CPU.Build.0 = Debug|Any CPU
		{B37603F5-932A-4480-B8FF-22E235973C18}.Release|Any CPU.ActiveCfg = Release|Any CPU
		{B37603F5-932A-4480-B8FF-22E235973C18}.Release|Any CPU.Build.0 = Release|Any CPU
		{3DABC3F5-6E71-4471-8A93-324426848C60}.Debug|Any CPU.ActiveCfg = Debug|Any CPU
		{3DABC3F5-6E71-4471-8A93-324426848C60}.Debug|Any CPU.Build.0 = Debug|Any CPU
		{3DABC3F5-6E71-4471-8A93-324426848C60}.Release|Any CPU.ActiveCfg = Release|Any CPU
		{3DABC3F5-6E71-4471-8A93-324426848C60}.Release|Any CPU.Build.0 = Release|Any CPU
		{D09F1088-2F7F-4065-8244-EFCDAEE3E22B}.Debug|Any CPU.ActiveCfg = Debug|Any CPU
		{D09F1088-2F7F-4065-8244-EFCDAEE3E22B}.Debug|Any CPU.Build.0 = Debug|Any CPU
		{D09F1088-2F7F-4065-8244-EFCDAEE3E22B}.Release|Any CPU.ActiveCfg = Release|Any CPU
		{D09F1088-2F7F-4065-8244-EFCDAEE3E22B}.Release|Any CPU.Build.0 = Release|Any CPU
		{053D6848-80EE-4D2A-8FA3-2F27E16F9943}.Debug|Any CPU.ActiveCfg = Debug|Any CPU
		{053D6848-80EE-4D2A-8FA3-2F27E16F9943}.Debug|Any CPU.Build.0 = Debug|Any CPU
		{053D6848-80EE-4D2A-8FA3-2F27E16F9943}.Release|Any CPU.ActiveCfg = Release|Any CPU
		{053D6848-80EE-4D2A-8FA3-2F27E16F9943}.Release|Any CPU.Build.0 = Release|Any CPU
		{C9DB11B1-E584-4944-8F16-8793C4B14E2B}.Debug|Any CPU.ActiveCfg = Debug|Any CPU
		{C9DB11B1-E584-4944-8F16-8793C4B14E2B}.Debug|Any CPU.Build.0 = Debug|Any CPU
		{C9DB11B1-E584-4944-8F16-8793C4B14E2B}.Release|Any CPU.ActiveCfg = Release|Any CPU
		{C9DB11B1-E584-4944-8F16-8793C4B14E2B}.Release|Any CPU.Build.0 = Release|Any CPU
	EndGlobalSection
	GlobalSection(SolutionProperties) = preSolution
		HideSolutionNode = FALSE
	EndGlobalSection
	GlobalSection(NestedProjects) = preSolution
		{7718DEB8-7D0D-49C6-A9B1-B7F12A17ACF2} = {02EA681E-C7D8-13C7-8484-4AC65E1B71E8}
		{18DA13FD-4BFB-46C0-B0BB-08267D014EA0} = {02EA681E-C7D8-13C7-8484-4AC65E1B71E8}
		{E8DE859D-70DF-4A15-9467-8FDBB12C207D} = {02EA681E-C7D8-13C7-8484-4AC65E1B71E8}
		{64F980D7-A609-42BC-BBC2-2595CF5C9BEB} = {BBA57C8F-D5EA-4976-844E-1710E0F150C1}
		{E5DC3D8A-11FB-4FC8-95F5-7A123B975E19} = {BBA57C8F-D5EA-4976-844E-1710E0F150C1}
		{4DA8F418-FB28-4A05-8A04-2F009DEA52B3} = {BBA57C8F-D5EA-4976-844E-1710E0F150C1}
		{9940FC48-8DB5-4CFB-8675-B54559946FB7} = {4ADA509D-5940-4EFF-9F08-82F4248C3252}
		{0BB46CD3-B2AE-49AB-94C3-7DE297BCD477} = {4ADA509D-5940-4EFF-9F08-82F4248C3252}
		{1647FF52-F261-4319-B97F-09CBD35F16F8} = {4ADA509D-5940-4EFF-9F08-82F4248C3252}
		{CEE92663-2005-40C7-9CFC-49B1AE527402} = {65303253-2477-4DF8-9EE0-36B5664699A3}
		{89935E47-F989-4117-937A-576A7B506509} = {65303253-2477-4DF8-9EE0-36B5664699A3}
		{F3CE7B70-A7AA-4C70-AB82-D80022153B10} = {65303253-2477-4DF8-9EE0-36B5664699A3}
		{A9159A0E-55CB-4F82-93B0-E7F847F36514} = {D2EAEE0C-BBE5-4BCC-AA99-1F96BEAF90D7}
		{B37603F5-932A-4480-B8FF-22E235973C18} = {D2EAEE0C-BBE5-4BCC-AA99-1F96BEAF90D7}
		{3DABC3F5-6E71-4471-8A93-324426848C60} = {D2EAEE0C-BBE5-4BCC-AA99-1F96BEAF90D7}
		{D09F1088-2F7F-4065-8244-EFCDAEE3E22B} = {9EA306D7-8F7C-4CA3-B492-4A4EA860ED1A}
		{053D6848-80EE-4D2A-8FA3-2F27E16F9943} = {9EA306D7-8F7C-4CA3-B492-4A4EA860ED1A}
		{C9DB11B1-E584-4944-8F16-8793C4B14E2B} = {9EA306D7-8F7C-4CA3-B492-4A4EA860ED1A}
	EndGlobalSection
	GlobalSection(ExtensibilityGlobals) = postSolution
		SolutionGuid = {B962A260-3249-47CA-A696-14C7266910B8}
	EndGlobalSection
EndGlobal
